
Microsoft Visual Studio Solution File, Format Version 12.00
# Visual Studio Version 16
VisualStudioVersion = 16.0.31624.102
MinimumVisualStudioVersion = 10.0.40219.1
Project("{FAE04EC0-301F-11D3-BF4B-00C04F79EFBC}") = "Lab9", "Lab9.csproj", "{881AD9BF-16BE-46F7-B1FA-547173885B2D}"
EndProject
Global
	GlobalSection(SolutionConfigurationPlatforms) = preSolution
		Debug|Any CPU = Debug|Any CPU
		Release|Any CPU = Release|Any CPU
	EndGlobalSection
	GlobalSection(ProjectConfigurationPlatforms) = postSolution
		{881AD9BF-16BE-46F7-B1FA-547173885B2D}.Debug|Any CPU.ActiveCfg = Debug|Any CPU
		{881AD9BF-16BE-46F7-B1FA-547173885B2D}.Debug|Any CPU.Build.0 = Debug|Any CPU
		{881AD9BF-16BE-46F7-B1FA-547173885B2D}.Release|Any CPU.ActiveCfg = Release|Any CPU
		{881AD9BF-16BE-46F7-B1FA-547173885B2D}.Release|Any CPU.Build.0 = Release|Any CPU
	EndGlobalSection
	GlobalSection(SolutionProperties) = preSolution
		HideSolutionNode = FALSE
	EndGlobalSection
	GlobalSection(ExtensibilityGlobals) = postSolution
		SolutionGuid = {74EA6A50-566E-44FF-AA12-7FE23FD33E2D}
	EndGlobalSection
EndGlobal
